
Microsoft Visual Studio Solution File, Format Version 12.00
# Visual Studio Version 16
VisualStudioVersion = 16.0.29424.173
MinimumVisualStudioVersion = 10.0.40219.1
Project("{FAE04EC0-301F-11D3-BF4B-00C04F79EFBC}") = "MovieList", "MovieList\MovieList.csproj", "{334C319A-80F6-4B40-B3AB-0CA2E674A558}"
EndProject
Project("{2150E333-8FDC-42A3-9474-1A3956D46DE8}") = "Start", "Start", "{A1CE405E-5F00-4019-9263-D0BCD192A3BB}"
EndProject
Project("{2150E333-8FDC-42A3-9474-1A3956D46DE8}") = "End", "End", "{CF85C27D-BBDD-4CE9-859D-37B7CA64B0E7}"
EndProject
Project("{9A19103F-16F7-4668-BE54-9A1E7A4F7556}") = "MovieList", "Core3\MovieList\MovieList.csproj", "{413B44D2-78EB-4CE8-B83C-C8852F623EE0}"
EndProject
Project("{FAE04EC0-301F-11D3-BF4B-00C04F79EFBC}") = "UWP", "Core3\UWP\UWP.csproj", "{4F5DDD58-4F26-4024-A25A-D70431300217}"
EndProject
Global
	GlobalSection(SolutionConfigurationPlatforms) = preSolution
		Debug|Any CPU = Debug|Any CPU
		Debug|ARM = Debug|ARM
		Debug|ARM64 = Debug|ARM64
		Debug|x64 = Debug|x64
		Debug|x86 = Debug|x86
		Release|Any CPU = Release|Any CPU
		Release|ARM = Release|ARM
		Release|ARM64 = Release|ARM64
		Release|x64 = Release|x64
		Release|x86 = Release|x86
	EndGlobalSection
	GlobalSection(ProjectConfigurationPlatforms) = postSolution
		{334C319A-80F6-4B40-B3AB-0CA2E674A558}.Debug|Any CPU.ActiveCfg = Debug|Any CPU
		{334C319A-80F6-4B40-B3AB-0CA2E674A558}.Debug|Any CPU.Build.0 = Debug|Any CPU
		{334C319A-80F6-4B40-B3AB-0CA2E674A558}.Debug|ARM.ActiveCfg = Debug|Any CPU
		{334C319A-80F6-4B40-B3AB-0CA2E674A558}.Debug|ARM.Build.0 = Debug|Any CPU
		{334C319A-80F6-4B40-B3AB-0CA2E674A558}.Debug|ARM64.ActiveCfg = Debug|Any CPU
		{334C319A-80F6-4B40-B3AB-0CA2E674A558}.Debug|ARM64.Build.0 = Debug|Any CPU
		{334C319A-80F6-4B40-B3AB-0CA2E674A558}.Debug|x64.ActiveCfg = Debug|Any CPU
		{334C319A-80F6-4B40-B3AB-0CA2E674A558}.Debug|x64.Build.0 = Debug|Any CPU
		{334C319A-80F6-4B40-B3AB-0CA2E674A558}.Debug|x86.ActiveCfg = Debug|Any CPU
		{334C319A-80F6-4B40-B3AB-0CA2E674A558}.Debug|x86.Build.0 = Debug|Any CPU
		{334C319A-80F6-4B40-B3AB-0CA2E674A558}.Release|Any CPU.ActiveCfg = Release|Any CPU
		{334C319A-80F6-4B40-B3AB-0CA2E674A558}.Release|Any CPU.Build.0 = Release|Any CPU
		{334C319A-80F6-4B40-B3AB-0CA2E674A558}.Release|ARM.ActiveCfg = Release|Any CPU
		{334C319A-80F6-4B40-B3AB-0CA2E674A558}.Release|ARM.Build.0 = Release|Any CPU
		{334C319A-80F6-4B40-B3AB-0CA2E674A558}.Release|ARM64.ActiveCfg = Release|Any CPU
		{334C319A-80F6-4B40-B3AB-0CA2E674A558}.Release|ARM64.Build.0 = Release|Any CPU
		{334C319A-80F6-4B40-B3AB-0CA2E674A558}.Release|x64.ActiveCfg = Release|Any CPU
		{334C319A-80F6-4B40-B3AB-0CA2E674A558}.Release|x64.Build.0 = Release|Any CPU
		{334C319A-80F6-4B40-B3AB-0CA2E674A558}.Release|x86.ActiveCfg = Release|Any CPU
		{334C319A-80F6-4B40-B3AB-0CA2E674A558}.Release|x86.Build.0 = Release|Any CPU
		{413B44D2-78EB-4CE8-B83C-C8852F623EE0}.Debug|Any CPU.ActiveCfg = Debug|Any CPU
		{413B44D2-78EB-4CE8-B83C-C8852F623EE0}.Debug|Any CPU.Build.0 = Debug|Any CPU
		{413B44D2-78EB-4CE8-B83C-C8852F623EE0}.Debug|ARM.ActiveCfg = Debug|Any CPU
		{413B44D2-78EB-4CE8-B83C-C8852F623EE0}.Debug|ARM.Build.0 = Debug|Any CPU
		{413B44D2-78EB-4CE8-B83C-C8852F623EE0}.Debug|ARM64.ActiveCfg = Debug|Any CPU
		{413B44D2-78EB-4CE8-B83C-C8852F623EE0}.Debug|ARM64.Build.0 = Debug|Any CPU
		{413B44D2-78EB-4CE8-B83C-C8852F623EE0}.Debug|x64.ActiveCfg = Debug|Any CPU
		{413B44D2-78EB-4CE8-B83C-C8852F623EE0}.Debug|x64.Build.0 = Debug|Any CPU
		{413B44D2-78EB-4CE8-B83C-C8852F623EE0}.Debug|x86.ActiveCfg = Debug|x86
		{413B44D2-78EB-4CE8-B83C-C8852F623EE0}.Debug|x86.Build.0 = Debug|x86
		{413B44D2-78EB-4CE8-B83C-C8852F623EE0}.Release|Any CPU.ActiveCfg = Release|Any CPU
		{413B44D2-78EB-4CE8-B83C-C8852F623EE0}.Release|Any CPU.Build.0 = Release|Any CPU
		{413B44D2-78EB-4CE8-B83C-C8852F623EE0}.Release|ARM.ActiveCfg = Release|Any CPU
		{413B44D2-78EB-4CE8-B83C-C8852F623EE0}.Release|ARM.Build.0 = Release|Any CPU
		{413B44D2-78EB-4CE8-B83C-C8852F623EE0}.Release|ARM64.ActiveCfg = Release|Any CPU
		{413B44D2-78EB-4CE8-B83C-C8852F623EE0}.Release|ARM64.Build.0 = Release|Any CPU
		{413B44D2-78EB-4CE8-B83C-C8852F623EE0}.Release|x64.ActiveCfg = Release|Any CPU
		{413B44D2-78EB-4CE8-B83C-C8852F623EE0}.Release|x64.Build.0 = Release|Any CPU
		{413B44D2-78EB-4CE8-B83C-C8852F623EE0}.Release|x86.ActiveCfg = Release|x86
		{413B44D2-78EB-4CE8-B83C-C8852F623EE0}.Release|x86.Build.0 = Release|x86
		{4F5DDD58-4F26-4024-A25A-D70431300217}.Debug|Any CPU.ActiveCfg = Debug|x86
		{4F5DDD58-4F26-4024-A25A-D70431300217}.Debug|ARM.ActiveCfg = Debug|ARM
		{4F5DDD58-4F26-4024-A25A-D70431300217}.Debug|ARM.Build.0 = Debug|ARM
		{4F5DDD58-4F26-4024-A25A-D70431300217}.Debug|ARM.Deploy.0 = Debug|ARM
		{4F5DDD58-4F26-4024-A25A-D70431300217}.Debug|ARM64.ActiveCfg = Debug|ARM64
		{4F5DDD58-4F26-4024-A25A-D70431300217}.Debug|ARM64.Build.0 = Debug|ARM64
		{4F5DDD58-4F26-4024-A25A-D70431300217}.Debug|ARM64.Deploy.0 = Debug|ARM64
		{4F5DDD58-4F26-4024-A25A-D70431300217}.Debug|x64.ActiveCfg = Debug|x64
		{4F5DDD58-4F26-4024-A25A-D70431300217}.Debug|x64.Build.0 = Debug|x64
		{4F5DDD58-4F26-4024-A25A-D70431300217}.Debug|x64.Deploy.0 = Debug|x64
		{4F5DDD58-4F26-4024-A25A-D70431300217}.Debug|x86.ActiveCfg = Debug|x86
		{4F5DDD58-4F26-4024-A25A-D70431300217}.Debug|x86.Deploy.0 = Debug|x86
		{4F5DDD58-4F26-4024-A25A-D70431300217}.Release|Any CPU.ActiveCfg = Release|x86
		{4F5DDD58-4F26-4024-A25A-D70431300217}.Release|ARM.ActiveCfg = Release|ARM
		{4F5DDD58-4F26-4024-A25A-D70431300217}.Release|ARM.Build.0 = Release|ARM
		{4F5DDD58-4F26-4024-A25A-D70431300217}.Release|ARM.Deploy.0 = Release|ARM
		{4F5DDD58-4F26-4024-A25A-D70431300217}.Release|ARM64.ActiveCfg = Release|ARM64
		{4F5DDD58-4F26-4024-A25A-D70431300217}.Release|ARM64.Build.0 = Release|ARM64
		{4F5DDD58-4F26-4024-A25A-D70431300217}.Release|ARM64.Deploy.0 = Release|ARM64
		{4F5DDD58-4F26-4024-A25A-D70431300217}.Release|x64.ActiveCfg = Release|x64
		{4F5DDD58-4F26-4024-A25A-D70431300217}.Release|x64.Build.0 = Release|x64
		{4F5DDD58-4F26-4024-A25A-D70431300217}.Release|x64.Deploy.0 = Release|x64
		{4F5DDD58-4F26-4024-A25A-D70431300217}.Release|x86.ActiveCfg = Release|x86
		{4F5DDD58-4F26-4024-A25A-D70431300217}.Release|x86.Deploy.0 = Release|x86
	EndGlobalSection
	GlobalSection(SolutionProperties) = preSolution
		HideSolutionNode = FALSE
	EndGlobalSection
	GlobalSection(NestedProjects) = preSolution
		{334C319A-80F6-4B40-B3AB-0CA2E674A558} = {A1CE405E-5F00-4019-9263-D0BCD192A3BB}
		{413B44D2-78EB-4CE8-B83C-C8852F623EE0} = {CF85C27D-BBDD-4CE9-859D-37B7CA64B0E7}
		{4F5DDD58-4F26-4024-A25A-D70431300217} = {CF85C27D-BBDD-4CE9-859D-37B7CA64B0E7}
	EndGlobalSection
	GlobalSection(ExtensibilityGlobals) = postSolution
		SolutionGuid = {D00F2CD7-8B70-4AAD-ACF0-5142E61B53B4}
	EndGlobalSection
EndGlobal
